<?xml version="1.0" encoding="UTF-8" standalone="yes" ?>
<CodeBlocks_project_file>
	<FileVersion major="1" minor="6" />
	<Project>
		<Option title="WozekHostClient" />
		<Option pch_mode="2" />
		<Option compiler="gcc" />
		<Build>
			<Target title="Debug">
				<Option output="bin/Debug/WozekHostClient" prefix_auto="1" extension_auto="1" />
				<Option object_output="obj/Debug/" />
				<Option type="1" />
				<Option compiler="gcc" />
				<Compiler>
					<Add option="-g" />
				</Compiler>
			</Target>
			<Target title="Release">
				<Option output="bin/Release/WozekHostClient" prefix_auto="1" extension_auto="1" />
				<Option object_output="obj/Release/" />
				<Option type="1" />
				<Option compiler="gcc" />
				<Compiler>
					<Add option="-O2" />
				</Compiler>
				<Linker>
					<Add option="-s" />
				</Linker>
			</Target>
			<Target title="Test">
				<Option output="bin/Test/WozekHostClient" prefix_auto="1" extension_auto="1" />
				<Option object_output="obj/Debug/" />
				<Option type="1" />
				<Option compiler="gcc" />
				<Compiler>
					<Add option="-g" />
					<Add option="-DTESTRUN" />
				</Compiler>
			</Target>
		</Build>
		<Compiler>
			<Add option="-Wall" />
			<Add option="-std=c++1z" />
			<Add directory="${BOOSTDIR}" />
		</Compiler>
		<Linker>
			<Add library="Ws2_32" />
			<Add library="wsock32" />
		</Linker>
		<Unit filename="../WozekServer/Datagrams.hpp" />
		<Unit filename="../WozekServer/asioWrapper.hpp" />
		<Unit filename="../WozekServer/segmentedFileTransfer.hpp" />
		<Unit filename="../WozekServer/states.hpp" />
		<Unit filename="Everything.hpp" />
		<Unit filename="Imported.hpp" />
		<Unit filename="TCP.cpp" />
		<Unit filename="TCP.hpp" />
		<Unit filename="commander.hpp" />
		<Unit filename="main.cpp" />
		<Unit filename="test.cpp" />
		<Extensions>
			<code_completion />
			<envvars />
			<debugger />
			<lib_finder disable_auto="1" />
		</Extensions>
	</Project>
</CodeBlocks_project_file>
