<?xml version="1.0" encoding="UTF-8" standalone="yes" ?>
<CodeBlocks_project_file>
	<FileVersion major="1" minor="6" />
	<Project>
		<Option title="WozekServer" />
		<Option pch_mode="2" />
		<Option compiler="gcc" />
		<Build>
			<Target title="Debug">
				<Option output="bin/Debug/WozekServer" prefix_auto="1" extension_auto="1" />
				<Option object_output="obj/Debug/" />
				<Option type="1" />
				<Option compiler="gcc" />
				<Compiler>
					<Add option="-g" />
				</Compiler>
			</Target>
			<Target title="Release">
				<Option output="bin/Release/WozekServer" prefix_auto="1" extension_auto="1" />
				<Option object_output="obj/Release/" />
				<Option type="1" />
				<Option compiler="gcc" />
				<Compiler>
					<Add option="-O2" />
					<Add option="-DRELEASE" />
				</Compiler>
				<Linker>
					<Add option="-s" />
				</Linker>
			</Target>
			<Target title="Test">
				<Option output="bin/Test/WozekServer" prefix_auto="1" extension_auto="1" />
				<Option object_output="obj/Test/" />
				<Option type="1" />
				<Option compiler="gcc" />
				<Compiler>
					<Add option="-g" />
					<Add option="-DTESTRUN" />
				</Compiler>
			</Target>
		</Build>
		<Compiler>
			<Add option="-Wall" />
			<Add option="-std=c++1z" />
			<Add directory="${BOOSTDIR}" />
		</Compiler>
		<Linker>
			<Add library="Ws2_32" />
			<Add library="wsock32" />
		</Linker>
		<Unit filename="DatabaseData.hpp" />
		<Unit filename="DatabaseManager.cpp" />
		<Unit filename="DatabaseManager.hpp" />
		<Unit filename="Datagrams.hpp" />
		<Unit filename="Everything.hpp" />
		<Unit filename="TCPWozekServer.cpp" />
		<Unit filename="TCPWozekServer.hpp" />
		<Unit filename="UDP.hpp" />
		<Unit filename="UDPServerHandlerBase.hpp" />
		<Unit filename="UDPWozekServerState.hpp" />
		<Unit filename="World.hpp" />
		<Unit filename="asio_lib.hpp" />
		<Unit filename="asio_lib/TCP.hpp" />
		<Unit filename="asio_lib/asioBufferUtils.hpp" />
		<Unit filename="asio_lib/asioWrapper.hpp" />
		<Unit filename="asio_lib/asyncUtils.hpp" />
		<Unit filename="asio_lib/callbackStack.hpp" />
		<Unit filename="config.cpp" />
		<Unit filename="config.hpp" />
		<Unit filename="enum.hpp" />
		<Unit filename="fileManager.cpp" />
		<Unit filename="fileManager.hpp" />
		<Unit filename="ipAuthorization.cpp" />
		<Unit filename="ipAuthorization.hpp" />
		<Unit filename="logging.cpp" />
		<Unit filename="logging.hpp" />
		<Unit filename="main.cpp" />
		<Unit filename="segmentedFileTransfer.hpp" />
		<Unit filename="states.hpp" />
		<Unit filename="test.cpp" />
		<Unit filename="utility.hpp" />
		<Extensions>
			<code_completion />
			<envvars />
			<debugger />
			<lib_finder disable_auto="1" />
		</Extensions>
	</Project>
</CodeBlocks_project_file>
